# THIS IS AN AUTOGENERATED FILE. DO NOT EDIT THIS FILE DIRECTLY.
# yarn lockfile v1


"hayagriva-wasm@https://github.com/quarkdown-labs/kotlin-bibliographer/releases/download/v0.5.0/hayagriva-wasm-0.3.0.tgz":
  version "0.3.0"
  uid "98d0563f109f279080b6102523eb1be809bc2f00"
  resolved "https://github.com/quarkdown-labs/kotlin-bibliographer/releases/download/v0.5.0/hayagriva-wasm-0.3.0.tgz#98d0563f109f279080b6102523eb1be809bc2f00"
